
Microsoft Visual Studio Solution File, Format Version 12.00
# Visual Studio Version 17
VisualStudioVersion = 17.8.34316.72
MinimumVisualStudioVersion = 10.0.40219.1
Project("{FAE04EC0-301F-11D3-BF4B-00C04F79EFBC}") = "CareerPathAutomation", "CareerPathAutomation\CareerPathAutomation.csproj", "{530F0E89-5E76-4859-A207-A2BCFC0F3775}"
EndProject
Global
	GlobalSection(SolutionConfigurationPlatforms) = preSolution
		Debug|Any CPU = Debug|Any CPU
		Release|Any CPU = Release|Any CPU
	EndGlobalSection
	GlobalSection(ProjectConfigurationPlatforms) = postSolution
		{530F0E89-5E76-4859-A207-A2BCFC0F3775}.Debug|Any CPU.ActiveCfg = Debug|Any CPU
		{530F0E89-5E76-4859-A207-A2BCFC0F3775}.Debug|Any CPU.Build.0 = Debug|Any CPU
		{530F0E89-5E76-4859-A207-A2BCFC0F3775}.Release|Any CPU.ActiveCfg = Release|Any CPU
		{530F0E89-5E76-4859-A207-A2BCFC0F3775}.Release|Any CPU.Build.0 = Release|Any CPU
	EndGlobalSection
	GlobalSection(SolutionProperties) = preSolution
		HideSolutionNode = FALSE
	EndGlobalSection
	GlobalSection(ExtensibilityGlobals) = postSolution
		SolutionGuid = {ECF9B476-8EF2-4793-A9F0-DCC3DAF7F024}
	EndGlobalSection
EndGlobal
